
Microsoft Visual Studio Solution File, Format Version 12.00
# Visual Studio Version 17
VisualStudioVersion = 17.0.31903.59
MinimumVisualStudioVersion = 10.0.40219.1
Project("{2150E333-8FDC-42A3-9474-1A3956D46DE8}") = "TestSection", "TestSection", "{84AC2E19-1FDD-47A2-90B7-AA7CAD054208}"
EndProject
Project("{2150E333-8FDC-42A3-9474-1A3956D46DE8}") = "Backend", "Backend", "{C5C71DFF-6D7D-48BA-9549-522EAA996C95}"
EndProject
Project("{FAE04EC0-301F-11D3-BF4B-00C04F79EFBC}") = "BETSOS", "TestSection\Backend\BETSOS\BETSOS.csproj", "{BC92F555-DFF9-4C84-BF39-3446877C4E55}"
EndProject
Global
	GlobalSection(SolutionConfigurationPlatforms) = preSolution
		Debug|Any CPU = Debug|Any CPU
		Release|Any CPU = Release|Any CPU
	EndGlobalSection
	GlobalSection(SolutionProperties) = preSolution
		HideSolutionNode = FALSE
	EndGlobalSection
	GlobalSection(ProjectConfigurationPlatforms) = postSolution
		{BC92F555-DFF9-4C84-BF39-3446877C4E55}.Debug|Any CPU.ActiveCfg = Debug|Any CPU
		{BC92F555-DFF9-4C84-BF39-3446877C4E55}.Debug|Any CPU.Build.0 = Debug|Any CPU
		{BC92F555-DFF9-4C84-BF39-3446877C4E55}.Release|Any CPU.ActiveCfg = Release|Any CPU
		{BC92F555-DFF9-4C84-BF39-3446877C4E55}.Release|Any CPU.Build.0 = Release|Any CPU
	EndGlobalSection
	GlobalSection(NestedProjects) = preSolution
		{C5C71DFF-6D7D-48BA-9549-522EAA996C95} = {84AC2E19-1FDD-47A2-90B7-AA7CAD054208}
		{BC92F555-DFF9-4C84-BF39-3446877C4E55} = {C5C71DFF-6D7D-48BA-9549-522EAA996C95}
	EndGlobalSection
EndGlobal
