
Microsoft Visual Studio Solution File, Format Version 12.00
# Visual Studio Version 17
VisualStudioVersion = 17.13.35806.99 d17.13
MinimumVisualStudioVersion = 10.0.40219.1
Project("{FAE04EC0-301F-11D3-BF4B-00C04F79EFBC}") = "SevenMaslyatProject", "SevenMaslyatProject\SevenMaslyatProject.csproj", "{468DF86D-82BB-4E63-90A1-FC02AB20C4D0}"
EndProject
Global
	GlobalSection(SolutionConfigurationPlatforms) = preSolution
		Debug|Any CPU = Debug|Any CPU
		Release|Any CPU = Release|Any CPU
	EndGlobalSection
	GlobalSection(ProjectConfigurationPlatforms) = postSolution
		{468DF86D-82BB-4E63-90A1-FC02AB20C4D0}.Debug|Any CPU.ActiveCfg = Debug|Any CPU
		{468DF86D-82BB-4E63-90A1-FC02AB20C4D0}.Debug|Any CPU.Build.0 = Debug|Any CPU
		{468DF86D-82BB-4E63-90A1-FC02AB20C4D0}.Release|Any CPU.ActiveCfg = Release|Any CPU
		{468DF86D-82BB-4E63-90A1-FC02AB20C4D0}.Release|Any CPU.Build.0 = Release|Any CPU
	EndGlobalSection
	GlobalSection(SolutionProperties) = preSolution
		HideSolutionNode = FALSE
	EndGlobalSection
	GlobalSection(ExtensibilityGlobals) = postSolution
		SolutionGuid = {A7E27878-0093-490A-AB87-6EE7F44E8AD5}
	EndGlobalSection
EndGlobal
