
Microsoft Visual Studio Solution File, Format Version 12.00
# Visual Studio Version 17
VisualStudioVersion = 17.11.35312.102
MinimumVisualStudioVersion = 10.0.40219.1
Project("{9A19103F-16F7-4668-BE54-9A1E7A4F7556}") = "MainProject", "MainProject\MainProject.csproj", "{49CB85E1-0709-4A8D-81E9-030F5C399D16}"
EndProject
Global
	GlobalSection(SolutionConfigurationPlatforms) = preSolution
		Debug|Any CPU = Debug|Any CPU
		Release|Any CPU = Release|Any CPU
	EndGlobalSection
	GlobalSection(ProjectConfigurationPlatforms) = postSolution
		{49CB85E1-0709-4A8D-81E9-030F5C399D16}.Debug|Any CPU.ActiveCfg = Debug|Any CPU
		{49CB85E1-0709-4A8D-81E9-030F5C399D16}.Debug|Any CPU.Build.0 = Debug|Any CPU
		{49CB85E1-0709-4A8D-81E9-030F5C399D16}.Release|Any CPU.ActiveCfg = Release|Any CPU
		{49CB85E1-0709-4A8D-81E9-030F5C399D16}.Release|Any CPU.Build.0 = Release|Any CPU
	EndGlobalSection
	GlobalSection(SolutionProperties) = preSolution
		HideSolutionNode = FALSE
	EndGlobalSection
	GlobalSection(ExtensibilityGlobals) = postSolution
		SolutionGuid = {0E8B37A6-271E-479F-9964-D64DDC74E9D2}
	EndGlobalSection
EndGlobal
