
Microsoft Visual Studio Solution File, Format Version 12.00
# Visual Studio Version 17
VisualStudioVersion = 17.13.35825.156 d17.13
MinimumVisualStudioVersion = 10.0.40219.1
Project("{FAE04EC0-301F-11D3-BF4B-00C04F79EFBC}") = "Program", "Program\Program.csproj", "{D693F29A-B2A7-45DD-8911-672332DCCDA5}"
EndProject
Global
	GlobalSection(SolutionConfigurationPlatforms) = preSolution
		Debug|Any CPU = Debug|Any CPU
		Release|Any CPU = Release|Any CPU
	EndGlobalSection
	GlobalSection(ProjectConfigurationPlatforms) = postSolution
		{D693F29A-B2A7-45DD-8911-672332DCCDA5}.Debug|Any CPU.ActiveCfg = Debug|Any CPU
		{D693F29A-B2A7-45DD-8911-672332DCCDA5}.Debug|Any CPU.Build.0 = Debug|Any CPU
		{D693F29A-B2A7-45DD-8911-672332DCCDA5}.Release|Any CPU.ActiveCfg = Release|Any CPU
		{D693F29A-B2A7-45DD-8911-672332DCCDA5}.Release|Any CPU.Build.0 = Release|Any CPU
	EndGlobalSection
	GlobalSection(SolutionProperties) = preSolution
		HideSolutionNode = FALSE
	EndGlobalSection
	GlobalSection(ExtensibilityGlobals) = postSolution
		SolutionGuid = {5F4E9791-06F9-4DDA-804D-63DAE99283B6}
	EndGlobalSection
EndGlobal
